
Microsoft Visual Studio Solution File, Format Version 12.00
# Visual Studio Version 17
VisualStudioVersion = 17.14.36221.1 d17.14
MinimumVisualStudioVersion = 10.0.40219.1
Project("{FAE04EC0-301F-11D3-BF4B-00C04F79EFBC}") = "EstetiqueAdmWeb", "EstetiqueAdmWeb\EstetiqueAdmWeb.csproj", "{13C61DD4-6F87-41A2-85E7-CD25BECE367D}"
EndProject
Global
	GlobalSection(SolutionConfigurationPlatforms) = preSolution
		Debug|Any CPU = Debug|Any CPU
		Release|Any CPU = Release|Any CPU
	EndGlobalSection
	GlobalSection(ProjectConfigurationPlatforms) = postSolution
		{13C61DD4-6F87-41A2-85E7-CD25BECE367D}.Debug|Any CPU.ActiveCfg = Debug|Any CPU
		{13C61DD4-6F87-41A2-85E7-CD25BECE367D}.Debug|Any CPU.Build.0 = Debug|Any CPU
		{13C61DD4-6F87-41A2-85E7-CD25BECE367D}.Release|Any CPU.ActiveCfg = Release|Any CPU
		{13C61DD4-6F87-41A2-85E7-CD25BECE367D}.Release|Any CPU.Build.0 = Release|Any CPU
	EndGlobalSection
	GlobalSection(SolutionProperties) = preSolution
		HideSolutionNode = FALSE
	EndGlobalSection
	GlobalSection(ExtensibilityGlobals) = postSolution
		SolutionGuid = {A925B32F-D547-4933-99E5-C574CB7E2EE5}
	EndGlobalSection
EndGlobal
